{
  "name": "@ops-ai/ngx-feature-flags-toggly",
  "version": "2.7.2",
  "lockfileVersion": 3,
  "requires": true,
  "packages": {
    "": {
      "name": "@ops-ai/ngx-feature-flags-toggly",
      "version": "2.7.2",
      "license": "MIT",
      "dependencies": {
        "@ops-ai/toggly-local-gates": "^1.0.1",
        "@ops-ai/toggly-signed-defs": "^1.2.0",
        "tslib": "^2.3.0"
      },
      "peerDependencies": {
        "@angular/common": ">=15.0.0",
        "@angular/core": ">=15.0.0",
        "@angular/router": ">=15.0.0",
        "@ops-ai/toggly-hooks-types": "^1.4.3"
      }
    },
    "node_modules/@angular/common": {
      "version": "21.2.17",
      "resolved": "https://registry.npmjs.org/@angular/common/-/common-21.2.17.tgz",
      "integrity": "sha512-hqAQxRfi5ldFE42suAXRcY+JCANrUh7fuSQ/DtZ7L896id5BT/exuv6dWNBC1PyAfQmRbpD5Pt6/pd+tNLyhDQ==",
      "license": "MIT",
      "peer": true,
      "dependencies": {
        "tslib": "^2.3.0"
      },
      "engines": {
        "node": "^20.19.0 || ^22.12.0 || >=24.0.0"
      },
      "peerDependencies": {
        "@angular/core": "21.2.17",
        "rxjs": "^6.5.3 || ^7.4.0"
      }
    },
    "node_modules/@angular/core": {
      "version": "21.2.17",
      "resolved": "https://registry.npmjs.org/@angular/core/-/core-21.2.17.tgz",
      "integrity": "sha512-wYHpwIdnUnjQFOJJNqRcGx7LS3u64jT+R9L0TnMR/ViBM9dQgGYImlSikkftg2yrFCNo5aKRxhG2LLskQurVdg==",
      "license": "MIT",
      "peer": true,
      "dependencies": {
        "tslib": "^2.3.0"
      },
      "engines": {
        "node": "^20.19.0 || ^22.12.0 || >=24.0.0"
      },
      "peerDependencies": {
        "@angular/compiler": "21.2.17",
        "rxjs": "^6.5.3 || ^7.4.0",
        "zone.js": "~0.15.0 || ~0.16.0"
      },
      "peerDependenciesMeta": {
        "@angular/compiler": {
          "optional": true
        },
        "zone.js": {
          "optional": true
        }
      }
    },
    "node_modules/@angular/platform-browser": {
      "version": "21.2.17",
      "resolved": "https://registry.npmjs.org/@angular/platform-browser/-/platform-browser-21.2.17.tgz",
      "integrity": "sha512-ROdSliejY37g1EphYmweYdm5cHM8HY3X4tbWt4ubxmhTyYgfN3nxrxfGQ/n7Mz5tDY9VXVLIGDgjLOGYOo4uTQ==",
      "license": "MIT",
      "peer": true,
      "dependencies": {
        "tslib": "^2.3.0"
      },
      "engines": {
        "node": "^20.19.0 || ^22.12.0 || >=24.0.0"
      },
      "peerDependencies": {
        "@angular/animations": "21.2.17",
        "@angular/common": "21.2.17",
        "@angular/core": "21.2.17"
      },
      "peerDependenciesMeta": {
        "@angular/animations": {
          "optional": true
        }
      }
    },
    "node_modules/@angular/router": {
      "version": "21.2.17",
      "resolved": "https://registry.npmjs.org/@angular/router/-/router-21.2.17.tgz",
      "integrity": "sha512-RSCtK5ppAV6y6wfRLHSK2a9Wc/vm8j0wsC+/j9PH9yQmppWFVXDWsg5E39MKOIpnoYVx2+hI6eak6+wYtZTe1A==",
      "license": "MIT",
      "peer": true,
      "dependencies": {
        "tslib": "^2.3.0"
      },
      "engines": {
        "node": "^20.19.0 || ^22.12.0 || >=24.0.0"
      },
      "peerDependencies": {
        "@angular/common": "21.2.17",
        "@angular/core": "21.2.17",
        "@angular/platform-browser": "21.2.17",
        "rxjs": "^6.5.3 || ^7.4.0"
      }
    },
    "node_modules/@ops-ai/toggly-hooks-types": {
      "version": "1.4.3",
      "resolved": "https://registry.npmjs.org/@ops-ai/toggly-hooks-types/-/toggly-hooks-types-1.4.3.tgz",
      "integrity": "sha512-raN6g9hSJ61/SkiIFcHaoWQHAq/6utcn5D+HUAxx2/1f9unurZqQKpAQC0uxaJ1D7Ir4+3Y0VyjZ4NsKXO10AA==",
      "license": "MIT",
      "peer": true,
      "engines": {
        "node": ">=18.0.0"
      }
    },
    "node_modules/@ops-ai/toggly-local-gates": {
      "version": "1.0.1",
      "resolved": "https://registry.npmjs.org/@ops-ai/toggly-local-gates/-/toggly-local-gates-1.0.1.tgz",
      "integrity": "sha512-x/ACkCygwbGrG+g5Q7+H4/2m7U28LOHveat9kVQ1Qwj3lbpusoeriqeyqtrwATaPAr/JY5zxjwdKc/vAN6cHAg==",
      "license": "MIT",
      "engines": {
        "node": ">=18.0.0"
      }
    },
    "node_modules/@ops-ai/toggly-signed-defs": {
      "version": "1.2.3",
      "resolved": "https://registry.npmjs.org/@ops-ai/toggly-signed-defs/-/toggly-signed-defs-1.2.3.tgz",
      "integrity": "sha512-tf6gR8Y/2QCqE1hTW2Wq/Y9WfvAQhEy/fRu9GTs4VjXfjtY1Zo3yO9ExdK0XSmZI1bY6Kd5V5pgTx+L2yySCcw==",
      "license": "MIT",
      "engines": {
        "node": ">=18.0.0"
      }
    },
    "node_modules/rxjs": {
      "version": "7.8.2",
      "resolved": "https://registry.npmjs.org/rxjs/-/rxjs-7.8.2.tgz",
      "integrity": "sha512-dhKf903U/PQZY6boNNtAGdWbG85WAbjT/1xYoZIC7FAY0yWapOBQVsVrDl58W86//e1VpMNBtRV4MaXfdMySFA==",
      "license": "Apache-2.0",
      "peer": true,
      "dependencies": {
        "tslib": "^2.1.0"
      }
    },
    "node_modules/tslib": {
      "version": "2.8.1",
      "resolved": "https://registry.npmjs.org/tslib/-/tslib-2.8.1.tgz",
      "integrity": "sha512-oJFu94HQb+KVduSUQL7wnpmqnfmLsOA/nAh6b6EH0wCEoK0/mPeXU6c3wKDV83MkOuHPRHtSXKKU99IBazS/2w==",
      "license": "0BSD"
    }
  }
}
