
Microsoft Visual Studio Solution File, Format Version 12.00
# Visual Studio Version 17
VisualStudioVersion = 17.0.31912.275
MinimumVisualStudioVersion = 10.0.40219.1
Project("{9A19103F-16F7-4668-BE54-9A1E7A4F7556}") = "Toggly.FeatureManagement", "Toggly.FeatureManagement\Toggly.FeatureManagement.csproj", "{9FFEBA60-FECE-43D2-A564-1D4749E8DAB7}"
EndProject
Project("{2150E333-8FDC-42A3-9474-1A3956D46DE8}") = ".Solution Items", ".Solution Items", "{D203F01E-2852-4900-9BD2-9FC4D00FE36F}"
	ProjectSection(SolutionItems) = preProject
		.editorconfig = .editorconfig
		.gitignore = .gitignore
		azure-pipelines.yml = azure-pipelines.yml
		GitVersion.yml = GitVersion.yml
		LICENSE = LICENSE
		README.md = README.md
	EndProjectSection
EndProject
Project("{2150E333-8FDC-42A3-9474-1A3956D46DE8}") = "Examples", "Examples", "{8C1BD1D5-6ED4-41D6-97A8-9EF4E5F4A4A4}"
EndProject
Project("{9A19103F-16F7-4668-BE54-9A1E7A4F7556}") = "Toggly.Examples.Mvc", "examples\Toggly.Examples.Mvc\Toggly.Examples.Mvc.csproj", "{A7B093E9-5F0C-4C31-8B5A-A1AE92556B35}"
EndProject
Global
	GlobalSection(SolutionProperties) = preSolution
		HideSolutionNode = FALSE
	EndGlobalSection
	GlobalSection(ExtensibilityGlobals) = postSolution
		SolutionGuid = {0B9B4F6A-FB19-4930-9351-45988B4D0FB5}
	EndGlobalSection
EndGlobal
