
Microsoft Visual Studio Solution File, Format Version 12.00
# Visual Studio Version 17
VisualStudioVersion = 17.0.31912.275
MinimumVisualStudioVersion = 10.0.40219.1
Project("{9A19103F-16F7-4668-BE54-9A1E7A4F7556}") = "Toggly.FeatureManagement", "Toggly.FeatureManagement\Toggly.FeatureManagement.csproj", "{9FFEBA60-FECE-43D2-A564-1D4749E8DAB7}"
EndProject
Project("{2150E333-8FDC-42A3-9474-1A3956D46DE8}") = ".Solution Items", ".Solution Items", "{D203F01E-2852-4900-9BD2-9FC4D00FE36F}"
	ProjectSection(SolutionItems) = preProject
		.editorconfig = .editorconfig
		.gitignore = .gitignore
		AssemblyInfo.cs = AssemblyInfo.cs
		azure-pipelines.yml = azure-pipelines.yml
		GitVersion.yml = GitVersion.yml
		LICENSE = LICENSE
		README.md = README.md
	EndProjectSection
EndProject
Project("{2150E333-8FDC-42A3-9474-1A3956D46DE8}") = "Examples", "Examples", "{8C1BD1D5-6ED4-41D6-97A8-9EF4E5F4A4A4}"
EndProject
Project("{9A19103F-16F7-4668-BE54-9A1E7A4F7556}") = "Toggly.Examples.Mvc", "examples\Toggly.Examples.Mvc\Toggly.Examples.Mvc.csproj", "{A7B093E9-5F0C-4C31-8B5A-A1AE92556B35}"
EndProject
Project("{9A19103F-16F7-4668-BE54-9A1E7A4F7556}") = "Toggly.FeatureManagement.Tests", "Toggly.FeatureManagement.Tests\Toggly.FeatureManagement.Tests.csproj", "{073EC4A5-2D67-419F-A990-1A66E15F4FB4}"
EndProject
Project("{9A19103F-16F7-4668-BE54-9A1E7A4F7556}") = "Toggly.FeatureManagement.Storage.RavenDB", "Toggly.FeatureManagement.Storage.RavenDB\Toggly.FeatureManagement.Storage.RavenDB.csproj", "{D51E272C-58A8-40B4-A0F2-41ABCBC2FFB7}"
EndProject
Project("{FAE04EC0-301F-11D3-BF4B-00C04F79EFBC}") = "Toggly.FeatureManagement.Web", "Toggly.FeatureManagement.Web\Toggly.FeatureManagement.Web.csproj", "{7CAE6E11-09F5-49D8-9BE9-743B56AF084A}"
EndProject
Project("{9A19103F-16F7-4668-BE54-9A1E7A4F7556}") = "Toggly.Storage.EntityFramework", "Toggly.Storage.EntityFramework\Toggly.Storage.EntityFramework.csproj", "{4C3365E8-84D6-47EB-A81F-6CAC79A76130}"
EndProject
Global
	GlobalSection(SolutionConfigurationPlatforms) = preSolution
		Debug|Any CPU = Debug|Any CPU
		Release|Any CPU = Release|Any CPU
	EndGlobalSection
	GlobalSection(ProjectConfigurationPlatforms) = postSolution
		{9FFEBA60-FECE-43D2-A564-1D4749E8DAB7}.Debug|Any CPU.ActiveCfg = Debug|Any CPU
		{9FFEBA60-FECE-43D2-A564-1D4749E8DAB7}.Debug|Any CPU.Build.0 = Debug|Any CPU
		{9FFEBA60-FECE-43D2-A564-1D4749E8DAB7}.Release|Any CPU.ActiveCfg = Release|Any CPU
		{9FFEBA60-FECE-43D2-A564-1D4749E8DAB7}.Release|Any CPU.Build.0 = Release|Any CPU
		{A7B093E9-5F0C-4C31-8B5A-A1AE92556B35}.Debug|Any CPU.ActiveCfg = Debug|Any CPU
		{A7B093E9-5F0C-4C31-8B5A-A1AE92556B35}.Debug|Any CPU.Build.0 = Debug|Any CPU
		{A7B093E9-5F0C-4C31-8B5A-A1AE92556B35}.Release|Any CPU.ActiveCfg = Release|Any CPU
		{A7B093E9-5F0C-4C31-8B5A-A1AE92556B35}.Release|Any CPU.Build.0 = Release|Any CPU
		{073EC4A5-2D67-419F-A990-1A66E15F4FB4}.Debug|Any CPU.ActiveCfg = Debug|Any CPU
		{073EC4A5-2D67-419F-A990-1A66E15F4FB4}.Debug|Any CPU.Build.0 = Debug|Any CPU
		{073EC4A5-2D67-419F-A990-1A66E15F4FB4}.Release|Any CPU.ActiveCfg = Release|Any CPU
		{073EC4A5-2D67-419F-A990-1A66E15F4FB4}.Release|Any CPU.Build.0 = Release|Any CPU
		{D51E272C-58A8-40B4-A0F2-41ABCBC2FFB7}.Debug|Any CPU.ActiveCfg = Debug|Any CPU
		{D51E272C-58A8-40B4-A0F2-41ABCBC2FFB7}.Debug|Any CPU.Build.0 = Debug|Any CPU
		{D51E272C-58A8-40B4-A0F2-41ABCBC2FFB7}.Release|Any CPU.ActiveCfg = Release|Any CPU
		{D51E272C-58A8-40B4-A0F2-41ABCBC2FFB7}.Release|Any CPU.Build.0 = Release|Any CPU
		{7CAE6E11-09F5-49D8-9BE9-743B56AF084A}.Debug|Any CPU.ActiveCfg = Debug|Any CPU
		{7CAE6E11-09F5-49D8-9BE9-743B56AF084A}.Debug|Any CPU.Build.0 = Debug|Any CPU
		{7CAE6E11-09F5-49D8-9BE9-743B56AF084A}.Release|Any CPU.ActiveCfg = Release|Any CPU
		{7CAE6E11-09F5-49D8-9BE9-743B56AF084A}.Release|Any CPU.Build.0 = Release|Any CPU
		{4C3365E8-84D6-47EB-A81F-6CAC79A76130}.Debug|Any CPU.ActiveCfg = Debug|Any CPU
		{4C3365E8-84D6-47EB-A81F-6CAC79A76130}.Debug|Any CPU.Build.0 = Debug|Any CPU
		{4C3365E8-84D6-47EB-A81F-6CAC79A76130}.Release|Any CPU.ActiveCfg = Release|Any CPU
		{4C3365E8-84D6-47EB-A81F-6CAC79A76130}.Release|Any CPU.Build.0 = Release|Any CPU
	EndGlobalSection
	GlobalSection(SolutionProperties) = preSolution
		HideSolutionNode = FALSE
	EndGlobalSection
	GlobalSection(NestedProjects) = preSolution
		{A7B093E9-5F0C-4C31-8B5A-A1AE92556B35} = {8C1BD1D5-6ED4-41D6-97A8-9EF4E5F4A4A4}
	EndGlobalSection
	GlobalSection(ExtensibilityGlobals) = postSolution
		SolutionGuid = {0B9B4F6A-FB19-4930-9351-45988B4D0FB5}
	EndGlobalSection
EndGlobal
