{
  "originHash" : "58f05f6c320056b726ddb2bb7014a42775022e5891b2bf91446a32452fa5b21c",
  "pins" : [
    {
      "identity" : "toggly.featuremanagement",
      "kind" : "remoteSourceControl",
      "location" : "https://github.com/ops-ai/Toggly.FeatureManagement.git",
      "state" : {
        "branch" : "ios-sdk-v1.6.0",
        "revision" : "a657a71b2ea8088c3d2acb833825c9c6577d0b40"
      }
    }
  ],
  "version" : 3
}
